github.com/Microsoft/go-winio v0.4.11/go.mod h1:VhR8bwka0BXejwEJY73c50VrPtXAaKcyvVC4A4RozmA=
github.com/Microsoft/go-winio v0.4.12 h1:xAfWHN1IrQ0NJ9TBC0KBZoqLjzDTr1ML+4MywiUOryc=
github.com/Microsoft/go-winio v0.4.12/go.mod h1:VhR8bwka0BXejwEJY73c50VrPtXAaKcyvVC4A4RozmA=
golang.org/x/crypto v0.0.0-20190308221718-c2843e01d9a2/go.mod h1:djNgcEr1/C05ACkg1iLfiJU5Ep61QUkGW8qpdssI0+w=
golang.org/x/crypto v0.0.0-20190320223903-b7391e95e576/go.mod h1:djNgcEr1/C05ACkg1iLfiJU5Ep61QUkGW8qpdssI0+w=
golang.org/x/crypto v0.0.0-20190404164418-38d8ce5564a5 h1:bselrhR0Or1vomJZC8ZIjWtbDmn9OYFLX5Ik9alpJpE=
golang.org/x/crypto v0.0.0-20190404164418-38d8ce5564a5/go.mod h1:WFFai1msRO1wXaEeE5yQxYXgSfI8pQAWXbQop6sCtWE=
golang.org/x/net v0.0.0-20190320064053-1272bf9dcd53/go.mod h1:t9HGtf8HONx5eT2rtn7q6eTqICYqUVnKs3thJo3Qplg=
golang.org/x/net v0.0.0-20190404232315-eb5bcb51f2a3 h1:0GoQqolDA55aaLxZyTzK/Y2ePZzZTUrRacwib7cNsYQ=
golang.org/x/net v0.0.0-20190404232315-eb5bcb51f2a3/go.mod h1:t9HGtf8HONx5eT2rtn7q6eTqICYqUVnKs3thJo3Qplg=
golang.org/x/sys v0.0.0-20190215142949-d0b11bdaac8a/go.mod h1:STP8DvDyc/dI5b8T5hshtkjS+E42TnysNCUPdjciGhY=
golang.org/x/sys v0.0.0-20190310054646-10058d7d4faa/go.mod h1:h1NjWce9XRLGQEsW7wpKNCjG9DtNlClVuFLEZdDNbEs=
golang.org/x/sys v0.0.0-20190321052220-f7bb7a8bee54/go.mod h1:h1NjWce9XRLGQEsW7wpKNCjG9DtNlClVuFLEZdDNbEs=
golang.org/x/sys v0.0.0-20190403152447-81d4e9dc473e/go.mod h1:h1NjWce9XRLGQEsW7wpKNCjG9DtNlClVuFLEZdDNbEs=
golang.org/x/sys v0.0.0-20190405154228-4b34438f7a67 h1:1Fzlr8kkDLQwqMP8GxrhptBLqZG/EDpiATneiZHY998=
golang.org/x/sys v0.0.0-20190405154228-4b34438f7a67/go.mod h1:h1NjWce9XRLGQEsW7wpKNCjG9DtNlClVuFLEZdDNbEs=
golang.org/x/text v0.3.0/go.mod h1:NqM8EUOU14njkJ3fqMW+pc6Ldnwhi/IjpwHt7yyuwOQ=
golang.zx2c4.com/winipcfg v0.0.0-20190310060751-c1b9479d2653 h1:6J1Jigrr0VfMg9BZUC5SlW+I6UQpx3TZcow3G9flfOg=
golang.zx2c4.com/winipcfg v0.0.0-20190310060751-c1b9479d2653/go.mod h1:R7s8N5RGq2m5ErfxWDXAVhcsYQFJx5VhAkjbyWK2ceU=
golang.zx2c4.com/wireguard v0.0.0-20190404072018-767c86f8cb93 h1:0bgaXYZYpmGxKLPhyNMW2Vd63XLRO7a1bKnUt2mytpk=
golang.zx2c4.com/wireguard v0.0.0-20190404072018-767c86f8cb93/go.mod h1:u0Cl3X+pyWdXaax3S583DQrnGDuTASO0QdlKFrs8r/8=
golang.zx2c4.com/wireguard/windows v0.0.0-20190401093156-75b0494b8f11 h1:rLNSPal5E4fEA997mNysgo0Ezpxt6WXNTpPSlmHorIw=
golang.zx2c4.com/wireguard/windows v0.0.0-20190401093156-75b0494b8f11/go.mod h1:Y+FYqVFaQO6a+1uigm0N0GiuaZrLEaBxEiJ8tfH9sMQ=
golang.zx2c4.com/wireguard/windows v0.0.0-20190403001351-4403f48632e7 h1:UFAgwIbMWtSRcJyTIyVKOdEpPNnoy20mrx8JS9nvSmY=
golang.zx2c4.com/wireguard/windows v0.0.0-20190403001351-4403f48632e7/go.mod h1:Y+FYqVFaQO6a+1uigm0N0GiuaZrLEaBxEiJ8tfH9sMQ=
